// !$*UTF8*$!
{
	archiveVersion = 1;
	classes = {
	};
	objectVersion = 46;
	objects = {

/* Begin PBXBuildFile section */
		232BB5E21E6373A10040C37E /* AuthResponse.swift in Sources */ = {isa = PBXBuildFile; fileRef = 232BB5E11E6373A10040C37E /* AuthResponse.swift */; };
		237465FE1E5A27C000C9E036 /* FooterView.swift in Sources */ = {isa = PBXBuildFile; fileRef = 237465FD1E5A27C000C9E036 /* FooterView.swift */; };
		23898EBA1E725FBF00D4077B /* WelcomeCell.swift in Sources */ = {isa = PBXBuildFile; fileRef = 23898EB91E725FBF00D4077B /* WelcomeCell.swift */; };
		238BAE101E58C03B00AEAFDA /* AnswerCollectionView.swift in Sources */ = {isa = PBXBuildFile; fileRef = 238BAE0F1E58C03B00AEAFDA /* AnswerCollectionView.swift */; };
		238BAE131E58F98900AEAFDA /* AnswerCollectionViewCell.swift in Sources */ = {isa = PBXBuildFile; fileRef = 238BAE121E58F98900AEAFDA /* AnswerCollectionViewCell.swift */; };
		238BAE161E59802000AEAFDA /* CoinView.swift in Sources */ = {isa = PBXBuildFile; fileRef = 238BAE151E59802000AEAFDA /* CoinView.swift */; };
		2390801E1E52DE2F0070197A /* Constants.swift in Sources */ = {isa = PBXBuildFile; fileRef = 2390801D1E52DE2F0070197A /* Constants.swift */; };
		239080201E5428BE0070197A /* PollController.swift in Sources */ = {isa = PBXBuildFile; fileRef = 2390801F1E5428BE0070197A /* PollController.swift */; };
		239080221E542EEB0070197A /* PollView.swift in Sources */ = {isa = PBXBuildFile; fileRef = 239080211E542EEB0070197A /* PollView.swift */; };
		239594621E3FE91F005B790D /* PollCell.swift in Sources */ = {isa = PBXBuildFile; fileRef = 239594611E3FE91F005B790D /* PollCell.swift */; };
		239594651E3FEAA7005B790D /* MenuBar.swift in Sources */ = {isa = PBXBuildFile; fileRef = 239594641E3FEAA7005B790D /* MenuBar.swift */; };
		239594681E3FEF9F005B790D /* AddConstraints.swift in Sources */ = {isa = PBXBuildFile; fileRef = 239594671E3FEF9F005B790D /* AddConstraints.swift */; };
		2395946B1E400FD5005B790D /* Poll.swift in Sources */ = {isa = PBXBuildFile; fileRef = 2395946A1E400FD5005B790D /* Poll.swift */; };
		2395946E1E4069F4005B790D /* ApiService.swift in Sources */ = {isa = PBXBuildFile; fileRef = 2395946D1E4069F4005B790D /* ApiService.swift */; };
		239594701E407931005B790D /* RGB.swift in Sources */ = {isa = PBXBuildFile; fileRef = 2395946F1E407931005B790D /* RGB.swift */; };
		239594721E4161A8005B790D /* FeedCell.swift in Sources */ = {isa = PBXBuildFile; fileRef = 239594711E4161A8005B790D /* FeedCell.swift */; };
		239594741E4257BA005B790D /* LoginController.swift in Sources */ = {isa = PBXBuildFile; fileRef = 239594731E4257BA005B790D /* LoginController.swift */; };
		239594761E4274B0005B790D /* MainNavigationController.swift in Sources */ = {isa = PBXBuildFile; fileRef = 239594751E4274B0005B790D /* MainNavigationController.swift */; };
		239594781E427C16005B790D /* LoginCell.swift in Sources */ = {isa = PBXBuildFile; fileRef = 239594771E427C16005B790D /* LoginCell.swift */; };
		2395947A1E428E98005B790D /* Anchors.swift in Sources */ = {isa = PBXBuildFile; fileRef = 239594791E428E98005B790D /* Anchors.swift */; };
		23A7AEA21E4D3ED90083CA53 /* AccountCell.swift in Sources */ = {isa = PBXBuildFile; fileRef = 23A7AEA11E4D3ED90083CA53 /* AccountCell.swift */; };
		23A7AEA41E4D60C90083CA53 /* LeaderboardCell.swift in Sources */ = {isa = PBXBuildFile; fileRef = 23A7AEA31E4D60C90083CA53 /* LeaderboardCell.swift */; };
		23A7AEA61E4D64AE0083CA53 /* User.swift in Sources */ = {isa = PBXBuildFile; fileRef = 23A7AEA51E4D64AE0083CA53 /* User.swift */; };
		23A7AEA81E4D65930083CA53 /* LeaderboardCellItem.swift in Sources */ = {isa = PBXBuildFile; fileRef = 23A7AEA71E4D65930083CA53 /* LeaderboardCellItem.swift */; };
		23F514BE1E6C84F900B1A692 /* SignupCell.swift in Sources */ = {isa = PBXBuildFile; fileRef = 23F514BD1E6C84F900B1A692 /* SignupCell.swift */; };
		23FBC4941E399D330097F43E /* AppDelegate.swift in Sources */ = {isa = PBXBuildFile; fileRef = 23FBC4931E399D330097F43E /* AppDelegate.swift */; };
		23FBC4961E399D330097F43E /* HomeController.swift in Sources */ = {isa = PBXBuildFile; fileRef = 23FBC4951E399D330097F43E /* HomeController.swift */; };
		23FBC4991E399D330097F43E /* Main.storyboard in Resources */ = {isa = PBXBuildFile; fileRef = 23FBC4971E399D330097F43E /* Main.storyboard */; };
		23FBC49B1E399D330097F43E /* Assets.xcassets in Resources */ = {isa = PBXBuildFile; fileRef = 23FBC49A1E399D330097F43E /* Assets.xcassets */; };
		23FBC49E1E399D330097F43E /* LaunchScreen.storyboard in Resources */ = {isa = PBXBuildFile; fileRef = 23FBC49C1E399D330097F43E /* LaunchScreen.storyboard */; };
		23FDA1B71E70F8A800587D3A /* DateExtension.swift in Sources */ = {isa = PBXBuildFile; fileRef = 23FDA1B61E70F8A800587D3A /* DateExtension.swift */; };
/* End PBXBuildFile section */

/* Begin PBXFileReference section */
		232BB5E11E6373A10040C37E /* AuthResponse.swift */ = {isa = PBXFileReference; fileEncoding = 4; lastKnownFileType = sourcecode.swift; path = AuthResponse.swift; sourceTree = "<group>"; };
		237465FD1E5A27C000C9E036 /* FooterView.swift */ = {isa = PBXFileReference; fileEncoding = 4; lastKnownFileType = sourcecode.swift; path = FooterView.swift; sourceTree = "<group>"; };
		23898EB91E725FBF00D4077B /* WelcomeCell.swift */ = {isa = PBXFileReference; fileEncoding = 4; lastKnownFileType = sourcecode.swift; path = WelcomeCell.swift; sourceTree = "<group>"; };
		238BAE0F1E58C03B00AEAFDA /* AnswerCollectionView.swift */ = {isa = PBXFileReference; fileEncoding = 4; lastKnownFileType = sourcecode.swift; path = AnswerCollectionView.swift; sourceTree = "<group>"; };
		238BAE121E58F98900AEAFDA /* AnswerCollectionViewCell.swift */ = {isa = PBXFileReference; fileEncoding = 4; lastKnownFileType = sourcecode.swift; path = AnswerCollectionViewCell.swift; sourceTree = "<group>"; };
		238BAE151E59802000AEAFDA /* CoinView.swift */ = {isa = PBXFileReference; fileEncoding = 4; lastKnownFileType = sourcecode.swift; path = CoinView.swift; sourceTree = "<group>"; };
		2390801D1E52DE2F0070197A /* Constants.swift */ = {isa = PBXFileReference; fileEncoding = 4; lastKnownFileType = sourcecode.swift; path = Constants.swift; sourceTree = "<group>"; };
		2390801F1E5428BE0070197A /* PollController.swift */ = {isa = PBXFileReference; fileEncoding = 4; lastKnownFileType = sourcecode.swift; path = PollController.swift; sourceTree = "<group>"; };
		239080211E542EEB0070197A /* PollView.swift */ = {isa = PBXFileReference; fileEncoding = 4; lastKnownFileType = sourcecode.swift; path = PollView.swift; sourceTree = "<group>"; };
		239594611E3FE91F005B790D /* PollCell.swift */ = {isa = PBXFileReference; fileEncoding = 4; lastKnownFileType = sourcecode.swift; path = PollCell.swift; sourceTree = "<group>"; };
		239594641E3FEAA7005B790D /* MenuBar.swift */ = {isa = PBXFileReference; fileEncoding = 4; lastKnownFileType = sourcecode.swift; path = MenuBar.swift; sourceTree = "<group>"; };
		239594671E3FEF9F005B790D /* AddConstraints.swift */ = {isa = PBXFileReference; fileEncoding = 4; lastKnownFileType = sourcecode.swift; path = AddConstraints.swift; sourceTree = "<group>"; };
		2395946A1E400FD5005B790D /* Poll.swift */ = {isa = PBXFileReference; fileEncoding = 4; lastKnownFileType = sourcecode.swift; path = Poll.swift; sourceTree = "<group>"; };
		2395946D1E4069F4005B790D /* ApiService.swift */ = {isa = PBXFileReference; fileEncoding = 4; lastKnownFileType = sourcecode.swift; path = ApiService.swift; sourceTree = "<group>"; };
		2395946F1E407931005B790D /* RGB.swift */ = {isa = PBXFileReference; fileEncoding = 4; lastKnownFileType = sourcecode.swift; path = RGB.swift; sourceTree = "<group>"; };
		239594711E4161A8005B790D /* FeedCell.swift */ = {isa = PBXFileReference; fileEncoding = 4; lastKnownFileType = sourcecode.swift; path = FeedCell.swift; sourceTree = "<group>"; };
		239594731E4257BA005B790D /* LoginController.swift */ = {isa = PBXFileReference; fileEncoding = 4; lastKnownFileType = sourcecode.swift; path = LoginController.swift; sourceTree = "<group>"; };
		239594751E4274B0005B790D /* MainNavigationController.swift */ = {isa = PBXFileReference; fileEncoding = 4; lastKnownFileType = sourcecode.swift; path = MainNavigationController.swift; sourceTree = "<group>"; };
		239594771E427C16005B790D /* LoginCell.swift */ = {isa = PBXFileReference; fileEncoding = 4; lastKnownFileType = sourcecode.swift; path = LoginCell.swift; sourceTree = "<group>"; };
		239594791E428E98005B790D /* Anchors.swift */ = {isa = PBXFileReference; fileEncoding = 4; lastKnownFileType = sourcecode.swift; path = Anchors.swift; sourceTree = "<group>"; };
		23A7AEA11E4D3ED90083CA53 /* AccountCell.swift */ = {isa = PBXFileReference; fileEncoding = 4; lastKnownFileType = sourcecode.swift; path = AccountCell.swift; sourceTree = "<group>"; };
		23A7AEA31E4D60C90083CA53 /* LeaderboardCell.swift */ = {isa = PBXFileReference; fileEncoding = 4; lastKnownFileType = sourcecode.swift; path = LeaderboardCell.swift; sourceTree = "<group>"; };
		23A7AEA51E4D64AE0083CA53 /* User.swift */ = {isa = PBXFileReference; fileEncoding = 4; lastKnownFileType = sourcecode.swift; path = User.swift; sourceTree = "<group>"; };
		23A7AEA71E4D65930083CA53 /* LeaderboardCellItem.swift */ = {isa = PBXFileReference; fileEncoding = 4; lastKnownFileType = sourcecode.swift; path = LeaderboardCellItem.swift; sourceTree = "<group>"; };
		23CD3DFC1E70B64E00744302 /* Icon-60@2x.png */ = {isa = PBXFileReference; lastKnownFileType = image.png; name = "Icon-60@2x.png"; path = "../../../design/slater/new_slater_icons/Icon-60@2x.png"; sourceTree = "<group>"; };
		23E7D0851E6FA6A000C71324 /* slater.entitlements */ = {isa = PBXFileReference; lastKnownFileType = text.plist.entitlements; path = slater.entitlements; sourceTree = "<group>"; };
		23F514BD1E6C84F900B1A692 /* SignupCell.swift */ = {isa = PBXFileReference; fileEncoding = 4; lastKnownFileType = sourcecode.swift; path = SignupCell.swift; sourceTree = "<group>"; };
		23FBC4901E399D330097F43E /* slater.app */ = {isa = PBXFileReference; explicitFileType = wrapper.application; includeInIndex = 0; path = slater.app; sourceTree = BUILT_PRODUCTS_DIR; };
		23FBC4931E399D330097F43E /* AppDelegate.swift */ = {isa = PBXFileReference; lastKnownFileType = sourcecode.swift; path = AppDelegate.swift; sourceTree = "<group>"; };
		23FBC4951E399D330097F43E /* HomeController.swift */ = {isa = PBXFileReference; lastKnownFileType = sourcecode.swift; path = HomeController.swift; sourceTree = "<group>"; };
		23FBC4981E399D330097F43E /* Base */ = {isa = PBXFileReference; lastKnownFileType = file.storyboard; name = Base; path = Base.lproj/Main.storyboard; sourceTree = "<group>"; };
		23FBC49A1E399D330097F43E /* Assets.xcassets */ = {isa = PBXFileReference; lastKnownFileType = folder.assetcatalog; path = Assets.xcassets; sourceTree = "<group>"; };
		23FBC49D1E399D330097F43E /* Base */ = {isa = PBXFileReference; lastKnownFileType = file.storyboard; name = Base; path = Base.lproj/LaunchScreen.storyboard; sourceTree = "<group>"; };
		23FBC49F1E399D330097F43E /* Info.plist */ = {isa = PBXFileReference; lastKnownFileType = text.plist.xml; path = Info.plist; sourceTree = "<group>"; };
		23FDA1B61E70F8A800587D3A /* DateExtension.swift */ = {isa = PBXFileReference; fileEncoding = 4; lastKnownFileType = sourcecode.swift; path = DateExtension.swift; sourceTree = "<group>"; };
/* End PBXFileReference section */

/* Begin PBXFrameworksBuildPhase section */
		23FBC48D1E399D330097F43E /* Frameworks */ = {
			isa = PBXFrameworksBuildPhase;
			buildActionMask = 2147483647;
			files = (
			);
			runOnlyForDeploymentPostprocessing = 0;
		};
/* End PBXFrameworksBuildPhase section */

/* Begin PBXGroup section */
		238BAE111E58CDFF00AEAFDA /* PollView */ = {
			isa = PBXGroup;
			children = (
				238BAE0F1E58C03B00AEAFDA /* AnswerCollectionView.swift */,
				239080211E542EEB0070197A /* PollView.swift */,
				238BAE121E58F98900AEAFDA /* AnswerCollectionViewCell.swift */,
			);
			name = PollView;
			sourceTree = "<group>";
		};
		238BAE141E597FCD00AEAFDA /* GenericViews */ = {
			isa = PBXGroup;
			children = (
				238BAE151E59802000AEAFDA /* CoinView.swift */,
				237465FD1E5A27C000C9E036 /* FooterView.swift */,
			);
			name = GenericViews;
			sourceTree = "<group>";
		};
		239594601E3FE8CB005B790D /* View */ = {
			isa = PBXGroup;
			children = (
				23F514BC1E6C84BF00B1A692 /* IntroViews */,
				238BAE141E597FCD00AEAFDA /* GenericViews */,
				238BAE111E58CDFF00AEAFDA /* PollView */,
				239594611E3FE91F005B790D /* PollCell.swift */,
				239594641E3FEAA7005B790D /* MenuBar.swift */,
				239594711E4161A8005B790D /* FeedCell.swift */,
				23A7AEA11E4D3ED90083CA53 /* AccountCell.swift */,
				23A7AEA31E4D60C90083CA53 /* LeaderboardCell.swift */,
				23A7AEA71E4D65930083CA53 /* LeaderboardCellItem.swift */,
			);
			name = View;
			sourceTree = "<group>";
		};
		239594631E3FE947005B790D /* Controller */ = {
			isa = PBXGroup;
			children = (
				23FBC4951E399D330097F43E /* HomeController.swift */,
				239594731E4257BA005B790D /* LoginController.swift */,
				239594751E4274B0005B790D /* MainNavigationController.swift */,
				2390801F1E5428BE0070197A /* PollController.swift */,
			);
			name = Controller;
			sourceTree = "<group>";
		};
		239594661E3FEF86005B790D /* Helpers */ = {
			isa = PBXGroup;
			children = (
				239594671E3FEF9F005B790D /* AddConstraints.swift */,
				2395946F1E407931005B790D /* RGB.swift */,
				239594791E428E98005B790D /* Anchors.swift */,
				2390801D1E52DE2F0070197A /* Constants.swift */,
				23FDA1B61E70F8A800587D3A /* DateExtension.swift */,
			);
			name = Helpers;
			sourceTree = "<group>";
		};
		239594691E400FCC005B790D /* Model */ = {
			isa = PBXGroup;
			children = (
				2395946A1E400FD5005B790D /* Poll.swift */,
				23A7AEA51E4D64AE0083CA53 /* User.swift */,
				232BB5E11E6373A10040C37E /* AuthResponse.swift */,
			);
			name = Model;
			sourceTree = "<group>";
		};
		2395946C1E4069E1005B790D /* ApiService */ = {
			isa = PBXGroup;
			children = (
				2395946D1E4069F4005B790D /* ApiService.swift */,
			);
			name = ApiService;
			sourceTree = "<group>";
		};
		23CD3DFB1E70B64D00744302 /* Frameworks */ = {
			isa = PBXGroup;
			children = (
				23CD3DFC1E70B64E00744302 /* Icon-60@2x.png */,
			);
			name = Frameworks;
			sourceTree = "<group>";
		};
		23F514BC1E6C84BF00B1A692 /* IntroViews */ = {
			isa = PBXGroup;
			children = (
				239594771E427C16005B790D /* LoginCell.swift */,
				23F514BD1E6C84F900B1A692 /* SignupCell.swift */,
				23898EB91E725FBF00D4077B /* WelcomeCell.swift */,
			);
			name = IntroViews;
			sourceTree = "<group>";
		};
		23FBC4871E399D330097F43E = {
			isa = PBXGroup;
			children = (
				23FBC4921E399D330097F43E /* slater */,
				23FBC4911E399D330097F43E /* Products */,
				23CD3DFB1E70B64D00744302 /* Frameworks */,
			);
			sourceTree = "<group>";
		};
		23FBC4911E399D330097F43E /* Products */ = {
			isa = PBXGroup;
			children = (
				23FBC4901E399D330097F43E /* slater.app */,
			);
			name = Products;
			sourceTree = "<group>";
		};
		23FBC4921E399D330097F43E /* slater */ = {
			isa = PBXGroup;
			children = (
				23E7D0851E6FA6A000C71324 /* slater.entitlements */,
				2395946C1E4069E1005B790D /* ApiService */,
				239594691E400FCC005B790D /* Model */,
				239594661E3FEF86005B790D /* Helpers */,
				239594631E3FE947005B790D /* Controller */,
				239594601E3FE8CB005B790D /* View */,
				23FBC4931E399D330097F43E /* AppDelegate.swift */,
				23FBC4971E399D330097F43E /* Main.storyboard */,
				23FBC49A1E399D330097F43E /* Assets.xcassets */,
				23FBC49C1E399D330097F43E /* LaunchScreen.storyboard */,
				23FBC49F1E399D330097F43E /* Info.plist */,
			);
			path = slater;
			sourceTree = "<group>";
		};
/* End PBXGroup section */

/* Begin PBXNativeTarget section */
		23FBC48F1E399D330097F43E /* slater */ = {
			isa = PBXNativeTarget;
			buildConfigurationList = 23FBC4A21E399D330097F43E /* Build configuration list for PBXNativeTarget "slater" */;
			buildPhases = (
				23FBC48C1E399D330097F43E /* Sources */,
				23FBC48D1E399D330097F43E /* Frameworks */,
				23FBC48E1E399D330097F43E /* Resources */,
			);
			buildRules = (
			);
			dependencies = (
			);
			name = slater;
			productName = slater;
			productReference = 23FBC4901E399D330097F43E /* slater.app */;
			productType = "com.apple.product-type.application";
		};
/* End PBXNativeTarget section */

/* Begin PBXProject section */
		23FBC4881E399D330097F43E /* Project object */ = {
			isa = PBXProject;
			attributes = {
				LastSwiftUpdateCheck = 0820;
				LastUpgradeCheck = 0820;
				ORGANIZATIONNAME = phizzle;
				TargetAttributes = {
					23FBC48F1E399D330097F43E = {
						CreatedOnToolsVersion = 8.2.1;
						DevelopmentTeam = 82X854VE58;
						ProvisioningStyle = Automatic;
						SystemCapabilities = {
							com.apple.Push = {
								enabled = 1;
							};
						};
					};
				};
			};
			buildConfigurationList = 23FBC48B1E399D330097F43E /* Build configuration list for PBXProject "slater" */;
			compatibilityVersion = "Xcode 3.2";
			developmentRegion = English;
			hasScannedForEncodings = 0;
			knownRegions = (
				en,
				Base,
			);
			mainGroup = 23FBC4871E399D330097F43E;
			productRefGroup = 23FBC4911E399D330097F43E /* Products */;
			projectDirPath = "";
			projectRoot = "";
			targets = (
				23FBC48F1E399D330097F43E /* slater */,
			);
		};
/* End PBXProject section */

/* Begin PBXResourcesBuildPhase section */
		23FBC48E1E399D330097F43E /* Resources */ = {
			isa = PBXResourcesBuildPhase;
			buildActionMask = 2147483647;
			files = (
				23FBC49E1E399D330097F43E /* LaunchScreen.storyboard in Resources */,
				23FBC49B1E399D330097F43E /* Assets.xcassets in Resources */,
				23FBC4991E399D330097F43E /* Main.storyboard in Resources */,
			);
			runOnlyForDeploymentPostprocessing = 0;
		};
/* End PBXResourcesBuildPhase section */

/* Begin PBXSourcesBuildPhase section */
		23FBC48C1E399D330097F43E /* Sources */ = {
			isa = PBXSourcesBuildPhase;
			buildActionMask = 2147483647;
			files = (
				23898EBA1E725FBF00D4077B /* WelcomeCell.swift in Sources */,
				239080201E5428BE0070197A /* PollController.swift in Sources */,
				23FBC4961E399D330097F43E /* HomeController.swift in Sources */,
				23A7AEA41E4D60C90083CA53 /* LeaderboardCell.swift in Sources */,
				232BB5E21E6373A10040C37E /* AuthResponse.swift in Sources */,
				239080221E542EEB0070197A /* PollView.swift in Sources */,
				23FBC4941E399D330097F43E /* AppDelegate.swift in Sources */,
				23A7AEA81E4D65930083CA53 /* LeaderboardCellItem.swift in Sources */,
				239594651E3FEAA7005B790D /* MenuBar.swift in Sources */,
				23A7AEA61E4D64AE0083CA53 /* User.swift in Sources */,
				239594761E4274B0005B790D /* MainNavigationController.swift in Sources */,
				238BAE161E59802000AEAFDA /* CoinView.swift in Sources */,
				239594621E3FE91F005B790D /* PollCell.swift in Sources */,
				23A7AEA21E4D3ED90083CA53 /* AccountCell.swift in Sources */,
				2395946B1E400FD5005B790D /* Poll.swift in Sources */,
				238BAE101E58C03B00AEAFDA /* AnswerCollectionView.swift in Sources */,
				2395946E1E4069F4005B790D /* ApiService.swift in Sources */,
				239594681E3FEF9F005B790D /* AddConstraints.swift in Sources */,
				239594701E407931005B790D /* RGB.swift in Sources */,
				239594721E4161A8005B790D /* FeedCell.swift in Sources */,
				23F514BE1E6C84F900B1A692 /* SignupCell.swift in Sources */,
				239594741E4257BA005B790D /* LoginController.swift in Sources */,
				238BAE131E58F98900AEAFDA /* AnswerCollectionViewCell.swift in Sources */,
				23FDA1B71E70F8A800587D3A /* DateExtension.swift in Sources */,
				239594781E427C16005B790D /* LoginCell.swift in Sources */,
				237465FE1E5A27C000C9E036 /* FooterView.swift in Sources */,
				2395947A1E428E98005B790D /* Anchors.swift in Sources */,
				2390801E1E52DE2F0070197A /* Constants.swift in Sources */,
			);
			runOnlyForDeploymentPostprocessing = 0;
		};
/* End PBXSourcesBuildPhase section */

/* Begin PBXVariantGroup section */
		23FBC4971E399D330097F43E /* Main.storyboard */ = {
			isa = PBXVariantGroup;
			children = (
				23FBC4981E399D330097F43E /* Base */,
			);
			name = Main.storyboard;
			sourceTree = "<group>";
		};
		23FBC49C1E399D330097F43E /* LaunchScreen.storyboard */ = {
			isa = PBXVariantGroup;
			children = (
				23FBC49D1E399D330097F43E /* Base */,
			);
			name = LaunchScreen.storyboard;
			sourceTree = "<group>";
		};
/* End PBXVariantGroup section */

/* Begin XCBuildConfiguration section */
		23FBC4A01E399D330097F43E /* Debug */ = {
			isa = XCBuildConfiguration;
			buildSettings = {
				ALWAYS_SEARCH_USER_PATHS = NO;
				CLANG_ANALYZER_NONNULL = YES;
				CLANG_CXX_LANGUAGE_STANDARD = "gnu++0x";
				CLANG_CXX_LIBRARY = "libc++";
				CLANG_ENABLE_MODULES = YES;
				CLANG_ENABLE_OBJC_ARC = YES;
				CLANG_WARN_BOOL_CONVERSION = YES;
				CLANG_WARN_CONSTANT_CONVERSION = YES;
				CLANG_WARN_DIRECT_OBJC_ISA_USAGE = YES_ERROR;
				CLANG_WARN_DOCUMENTATION_COMMENTS = YES;
				CLANG_WARN_EMPTY_BODY = YES;
				CLANG_WARN_ENUM_CONVERSION = YES;
				CLANG_WARN_INFINITE_RECURSION = YES;
				CLANG_WARN_INT_CONVERSION = YES;
				CLANG_WARN_OBJC_ROOT_CLASS = YES_ERROR;
				CLANG_WARN_SUSPICIOUS_MOVE = YES;
				CLANG_WARN_UNREACHABLE_CODE = YES;
				CLANG_WARN__DUPLICATE_METHOD_MATCH = YES;
				"CODE_SIGN_IDENTITY[sdk=iphoneos*]" = "iPhone Developer";
				COPY_PHASE_STRIP = NO;
				DEBUG_INFORMATION_FORMAT = dwarf;
				ENABLE_STRICT_OBJC_MSGSEND = YES;
				ENABLE_TESTABILITY = YES;
				GCC_C_LANGUAGE_STANDARD = gnu99;
				GCC_DYNAMIC_NO_PIC = NO;
				GCC_NO_COMMON_BLOCKS = YES;
				GCC_OPTIMIZATION_LEVEL = 0;
				GCC_PREPROCESSOR_DEFINITIONS = (
					"DEBUG=1",
					"$(inherited)",
				);
				GCC_WARN_64_TO_32_BIT_CONVERSION = YES;
				GCC_WARN_ABOUT_RETURN_TYPE = YES_ERROR;
				GCC_WARN_UNDECLARED_SELECTOR = YES;
				GCC_WARN_UNINITIALIZED_AUTOS = YES_AGGRESSIVE;
				GCC_WARN_UNUSED_FUNCTION = YES;
				GCC_WARN_UNUSED_VARIABLE = YES;
				IPHONEOS_DEPLOYMENT_TARGET = 10.2;
				MTL_ENABLE_DEBUG_INFO = YES;
				ONLY_ACTIVE_ARCH = YES;
				SDKROOT = iphoneos;
				SWIFT_ACTIVE_COMPILATION_CONDITIONS = DEBUG;
				SWIFT_OPTIMIZATION_LEVEL = "-Onone";
			};
			name = Debug;
		};
		23FBC4A11E399D330097F43E /* Release */ = {
			isa = XCBuildConfiguration;
			buildSettings = {
				ALWAYS_SEARCH_USER_PATHS = NO;
				CLANG_ANALYZER_NONNULL = YES;
				CLANG_CXX_LANGUAGE_STANDARD = "gnu++0x";
				CLANG_CXX_LIBRARY = "libc++";
				CLANG_ENABLE_MODULES = YES;
				CLANG_ENABLE_OBJC_ARC = YES;
				CLANG_WARN_BOOL_CONVERSION = YES;
				CLANG_WARN_CONSTANT_CONVERSION = YES;
				CLANG_WARN_DIRECT_OBJC_ISA_USAGE = YES_ERROR;
				CLANG_WARN_DOCUMENTATION_COMMENTS = YES;
				CLANG_WARN_EMPTY_BODY = YES;
				CLANG_WARN_ENUM_CONVERSION = YES;
				CLANG_WARN_INFINITE_RECURSION = YES;
				CLANG_WARN_INT_CONVERSION = YES;
				CLANG_WARN_OBJC_ROOT_CLASS = YES_ERROR;
				CLANG_WARN_SUSPICIOUS_MOVE = YES;
				CLANG_WARN_UNREACHABLE_CODE = YES;
				CLANG_WARN__DUPLICATE_METHOD_MATCH = YES;
				"CODE_SIGN_IDENTITY[sdk=iphoneos*]" = "iPhone Developer";
				COPY_PHASE_STRIP = NO;
				DEBUG_INFORMATION_FORMAT = "dwarf-with-dsym";
				ENABLE_NS_ASSERTIONS = NO;
				ENABLE_STRICT_OBJC_MSGSEND = YES;
				GCC_C_LANGUAGE_STANDARD = gnu99;
				GCC_NO_COMMON_BLOCKS = YES;
				GCC_WARN_64_TO_32_BIT_CONVERSION = YES;
				GCC_WARN_ABOUT_RETURN_TYPE = YES_ERROR;
				GCC_WARN_UNDECLARED_SELECTOR = YES;
				GCC_WARN_UNINITIALIZED_AUTOS = YES_AGGRESSIVE;
				GCC_WARN_UNUSED_FUNCTION = YES;
				GCC_WARN_UNUSED_VARIABLE = YES;
				IPHONEOS_DEPLOYMENT_TARGET = 10.2;
				MTL_ENABLE_DEBUG_INFO = NO;
				SDKROOT = iphoneos;
				SWIFT_OPTIMIZATION_LEVEL = "-Owholemodule";
				VALIDATE_PRODUCT = YES;
			};
			name = Release;
		};
		23FBC4A31E399D330097F43E /* Debug */ = {
			isa = XCBuildConfiguration;
			buildSettings = {
				ASSETCATALOG_COMPILER_APPICON_NAME = AppIcon;
				CODE_SIGN_ENTITLEMENTS = slater/slater.entitlements;
				DEVELOPMENT_TEAM = 82X854VE58;
				INFOPLIST_FILE = slater/Info.plist;
				LD_RUNPATH_SEARCH_PATHS = "$(inherited) @executable_path/Frameworks";
				PRODUCT_BUNDLE_IDENTIFIER = come.phizzle.slater;
				PRODUCT_NAME = "$(TARGET_NAME)";
				SWIFT_VERSION = 3.0;
			};
			name = Debug;
		};
		23FBC4A41E399D330097F43E /* Release */ = {
			isa = XCBuildConfiguration;
			buildSettings = {
				ASSETCATALOG_COMPILER_APPICON_NAME = AppIcon;
				CODE_SIGN_ENTITLEMENTS = slater/slater.entitlements;
				DEVELOPMENT_TEAM = 82X854VE58;
				INFOPLIST_FILE = slater/Info.plist;
				LD_RUNPATH_SEARCH_PATHS = "$(inherited) @executable_path/Frameworks";
				PRODUCT_BUNDLE_IDENTIFIER = come.phizzle.slater;
				PRODUCT_NAME = "$(TARGET_NAME)";
				SWIFT_VERSION = 3.0;
			};
			name = Release;
		};
/* End XCBuildConfiguration section */

/* Begin XCConfigurationList section */
		23FBC48B1E399D330097F43E /* Build configuration list for PBXProject "slater" */ = {
			isa = XCConfigurationList;
			buildConfigurations = (
				23FBC4A01E399D330097F43E /* Debug */,
				23FBC4A11E399D330097F43E /* Release */,
			);
			defaultConfigurationIsVisible = 0;
			defaultConfigurationName = Release;
		};
		23FBC4A21E399D330097F43E /* Build configuration list for PBXNativeTarget "slater" */ = {
			isa = XCConfigurationList;
			buildConfigurations = (
				23FBC4A31E399D330097F43E /* Debug */,
				23FBC4A41E399D330097F43E /* Release */,
			);
			defaultConfigurationIsVisible = 0;
			defaultConfigurationName = Release;
		};
/* End XCConfigurationList section */
	};
	rootObject = 23FBC4881E399D330097F43E /* Project object */;
}
